
Microsoft Visual Studio Solution File, Format Version 12.00
# Visual Studio Version 16
VisualStudioVersion = 16.0.32929.386
MinimumVisualStudioVersion = 10.0.40219.1
Project("{FAE04EC0-301F-11D3-BF4B-00C04F79EFBC}") = "CourseSolution.WebApp", "CourseSolution.WebApp\CourseSolution.WebApp.csproj", "{68D638F6-22B6-49F5-92AA-25B5A88704C7}"
EndProject
Project("{2150E333-8FDC-42A3-9474-1A3956D46DE8}") = "Solution Items", "Solution Items", "{0F63713A-BD2A-427A-8C9D-61519580C4B5}"
	ProjectSection(SolutionItems) = preProject
		README.md = README.md
	EndProjectSection
EndProject
Global
	GlobalSection(SolutionConfigurationPlatforms) = preSolution
		Debug|Any CPU = Debug|Any CPU
		Release|Any CPU = Release|Any CPU
	EndGlobalSection
	GlobalSection(ProjectConfigurationPlatforms) = postSolution
		{68D638F6-22B6-49F5-92AA-25B5A88704C7}.Debug|Any CPU.ActiveCfg = Debug|Any CPU
		{68D638F6-22B6-49F5-92AA-25B5A88704C7}.Debug|Any CPU.Build.0 = Debug|Any CPU
		{68D638F6-22B6-49F5-92AA-25B5A88704C7}.Release|Any CPU.ActiveCfg = Release|Any CPU
		{68D638F6-22B6-49F5-92AA-25B5A88704C7}.Release|Any CPU.Build.0 = Release|Any CPU
	EndGlobalSection
	GlobalSection(SolutionProperties) = preSolution
		HideSolutionNode = FALSE
	EndGlobalSection
	GlobalSection(ExtensibilityGlobals) = postSolution
		SolutionGuid = {68BF8791-6D19-4703-974F-075FCB94C737}
	EndGlobalSection
EndGlobal
